
Microsoft Visual Studio Solution File, Format Version 12.00
# Visual Studio Version 16
VisualStudioVersion = 16.0.31424.327
MinimumVisualStudioVersion = 10.0.40219.1
Project("{FAE04EC0-301F-11D3-BF4B-00C04F79EFBC}") = "FirstDeployApp", "FirstDeployApp.csproj", "{AB521737-7146-4C8C-87A3-9B4A2DABA629}"
EndProject
Global
	GlobalSection(SolutionConfigurationPlatforms) = preSolution
		Debug|Any CPU = Debug|Any CPU
		Release|Any CPU = Release|Any CPU
	EndGlobalSection
	GlobalSection(ProjectConfigurationPlatforms) = postSolution
		{AB521737-7146-4C8C-87A3-9B4A2DABA629}.Debug|Any CPU.ActiveCfg = Debug|Any CPU
		{AB521737-7146-4C8C-87A3-9B4A2DABA629}.Debug|Any CPU.Build.0 = Debug|Any CPU
		{AB521737-7146-4C8C-87A3-9B4A2DABA629}.Release|Any CPU.ActiveCfg = Release|Any CPU
		{AB521737-7146-4C8C-87A3-9B4A2DABA629}.Release|Any CPU.Build.0 = Release|Any CPU
	EndGlobalSection
	GlobalSection(SolutionProperties) = preSolution
		HideSolutionNode = FALSE
	EndGlobalSection
	GlobalSection(ExtensibilityGlobals) = postSolution
		SolutionGuid = {93DE59FC-4CE9-41AB-BDB6-F5DC9B8070B5}
	EndGlobalSection
EndGlobal
